
Microsoft Visual Studio Solution File, Format Version 12.00
Project("{FAE04EC0-301F-11D3-BF4B-00C04F79EFBC}") = "PhotoManager.Contracts", "PhotoManager.Contracts\PhotoManager.Contracts.csproj", "{E1D2CD1B-B874-42D1-B49B-FFB151243493}"
EndProject
Project("{FAE04EC0-301F-11D3-BF4B-00C04F79EFBC}") = "PhotoManager.DataAccess", "PhotoManager.DataAccess\PhotoManager.DataAccess.csproj", "{04D647CB-2363-423C-939C-2727C5188DFA}"
EndProject
Project("{FAE04EC0-301F-11D3-BF4B-00C04F79EFBC}") = "PhotoManager.BusinessService", "PhotoManager.BusinessService\PhotoManager.BusinessService.csproj", "{2E7DB5FF-7DAE-4B79-BEAA-2338D7DADD60}"
EndProject
Project("{FAE04EC0-301F-11D3-BF4B-00C04F79EFBC}") = "PhotoManager.WebApi", "PhotoManager.WebApi\PhotoManager.WebApi.csproj", "{730A50A1-2CE3-49D3-BBCA-7B63507BD26F}"
EndProject
Project("{2150E333-8FDC-42A3-9474-1A3956D46DE8}") = "Tests", "Tests", "{CBDE036B-2E6D-47C4-B9A6-ADC43591E6AD}"
EndProject
Project("{FAE04EC0-301F-11D3-BF4B-00C04F79EFBC}") = "PhotoManager.BusinessService.Tests", "PhotoManager.BusinessService.Tests\PhotoManager.BusinessService.Tests.csproj", "{F3CFA373-3ABE-4494-A1A5-F4BD58AFFC2B}"
EndProject
Global
	GlobalSection(SolutionConfigurationPlatforms) = preSolution
		Debug|Any CPU = Debug|Any CPU
		Release|Any CPU = Release|Any CPU
	EndGlobalSection
	GlobalSection(ProjectConfigurationPlatforms) = postSolution
		{E1D2CD1B-B874-42D1-B49B-FFB151243493}.Debug|Any CPU.ActiveCfg = Debug|Any CPU
		{E1D2CD1B-B874-42D1-B49B-FFB151243493}.Debug|Any CPU.Build.0 = Debug|Any CPU
		{E1D2CD1B-B874-42D1-B49B-FFB151243493}.Release|Any CPU.ActiveCfg = Release|Any CPU
		{E1D2CD1B-B874-42D1-B49B-FFB151243493}.Release|Any CPU.Build.0 = Release|Any CPU
		{04D647CB-2363-423C-939C-2727C5188DFA}.Debug|Any CPU.ActiveCfg = Debug|Any CPU
		{04D647CB-2363-423C-939C-2727C5188DFA}.Debug|Any CPU.Build.0 = Debug|Any CPU
		{04D647CB-2363-423C-939C-2727C5188DFA}.Release|Any CPU.ActiveCfg = Release|Any CPU
		{04D647CB-2363-423C-939C-2727C5188DFA}.Release|Any CPU.Build.0 = Release|Any CPU
		{2E7DB5FF-7DAE-4B79-BEAA-2338D7DADD60}.Debug|Any CPU.ActiveCfg = Debug|Any CPU
		{2E7DB5FF-7DAE-4B79-BEAA-2338D7DADD60}.Debug|Any CPU.Build.0 = Debug|Any CPU
		{2E7DB5FF-7DAE-4B79-BEAA-2338D7DADD60}.Release|Any CPU.ActiveCfg = Release|Any CPU
		{2E7DB5FF-7DAE-4B79-BEAA-2338D7DADD60}.Release|Any CPU.Build.0 = Release|Any CPU
		{730A50A1-2CE3-49D3-BBCA-7B63507BD26F}.Debug|Any CPU.ActiveCfg = Debug|Any CPU
		{730A50A1-2CE3-49D3-BBCA-7B63507BD26F}.Debug|Any CPU.Build.0 = Debug|Any CPU
		{730A50A1-2CE3-49D3-BBCA-7B63507BD26F}.Release|Any CPU.ActiveCfg = Release|Any CPU
		{730A50A1-2CE3-49D3-BBCA-7B63507BD26F}.Release|Any CPU.Build.0 = Release|Any CPU
		{F3CFA373-3ABE-4494-A1A5-F4BD58AFFC2B}.Debug|Any CPU.ActiveCfg = Debug|Any CPU
		{F3CFA373-3ABE-4494-A1A5-F4BD58AFFC2B}.Debug|Any CPU.Build.0 = Debug|Any CPU
		{F3CFA373-3ABE-4494-A1A5-F4BD58AFFC2B}.Release|Any CPU.ActiveCfg = Release|Any CPU
		{F3CFA373-3ABE-4494-A1A5-F4BD58AFFC2B}.Release|Any CPU.Build.0 = Release|Any CPU
	EndGlobalSection
	GlobalSection(NestedProjects) = preSolution
		{F3CFA373-3ABE-4494-A1A5-F4BD58AFFC2B} = {CBDE036B-2E6D-47C4-B9A6-ADC43591E6AD}
	EndGlobalSection
EndGlobal
