
Microsoft Visual Studio Solution File, Format Version 12.00
# Visual Studio Version 16
VisualStudioVersion = 16.0.29709.97
MinimumVisualStudioVersion = 10.0.40219.1
Project("{9A19103F-16F7-4668-BE54-9A1E7A4F7556}") = "PhotoManager.Contracts", "PhotoManager.Contracts\PhotoManager.Contracts.csproj", "{E1D2CD1B-B874-42D1-B49B-FFB151243493}"
EndProject
Project("{9A19103F-16F7-4668-BE54-9A1E7A4F7556}") = "PhotoManager.DataAccess", "PhotoManager.DataAccess\PhotoManager.DataAccess.csproj", "{04D647CB-2363-423C-939C-2727C5188DFA}"
EndProject
Project("{9A19103F-16F7-4668-BE54-9A1E7A4F7556}") = "PhotoManager.BusinessService", "PhotoManager.BusinessService\PhotoManager.BusinessService.csproj", "{2E7DB5FF-7DAE-4B79-BEAA-2338D7DADD60}"
EndProject
Project("{9A19103F-16F7-4668-BE54-9A1E7A4F7556}") = "PhotoManager.WebApi", "PhotoManager.WebApi\PhotoManager.WebApi.csproj", "{730A50A1-2CE3-49D3-BBCA-7B63507BD26F}"
EndProject
Project("{2150E333-8FDC-42A3-9474-1A3956D46DE8}") = "Tests", "Tests", "{CBDE036B-2E6D-47C4-B9A6-ADC43591E6AD}"
EndProject
Project("{9A19103F-16F7-4668-BE54-9A1E7A4F7556}") = "PhotoManager.BusinessService.Tests", "PhotoManager.BusinessService.Tests\PhotoManager.BusinessService.Tests.csproj", "{F3CFA373-3ABE-4494-A1A5-F4BD58AFFC2B}"
EndProject
Project("{9A19103F-16F7-4668-BE54-9A1E7A4F7556}") = "PhotoManager.DataAccess.Tests", "PhotoManager.DataAccess.Tests\PhotoManager.DataAccess.Tests.csproj", "{D38ADE54-BEDC-42BC-88D0-8385F650ED89}"
EndProject
Project("{FAE04EC0-301F-11D3-BF4B-00C04F79EFBC}") = "PhotoManager.App.Android", "PhotoManager.App\PhotoManager.App.Android\PhotoManager.App.Android.csproj", "{CDAE4DA3-4D9D-426D-BEE5-E32EE965543B}"
EndProject
Project("{9A19103F-16F7-4668-BE54-9A1E7A4F7556}") = "PhotoManager.App", "PhotoManager.App\PhotoManager.App\PhotoManager.App.csproj", "{ACD94F00-7221-4E17-A2B5-6F884DA2F8C4}"
EndProject
Global
	GlobalSection(SolutionConfigurationPlatforms) = preSolution
		Debug|Any CPU = Debug|Any CPU
		Debug|iPhone = Debug|iPhone
		Debug|iPhoneSimulator = Debug|iPhoneSimulator
		Development|Any CPU = Development|Any CPU
		Development|iPhone = Development|iPhone
		Development|iPhoneSimulator = Development|iPhoneSimulator
		Release|Any CPU = Release|Any CPU
		Release|iPhone = Release|iPhone
		Release|iPhoneSimulator = Release|iPhoneSimulator
	EndGlobalSection
	GlobalSection(ProjectConfigurationPlatforms) = postSolution
		{E1D2CD1B-B874-42D1-B49B-FFB151243493}.Debug|Any CPU.ActiveCfg = Debug|Any CPU
		{E1D2CD1B-B874-42D1-B49B-FFB151243493}.Debug|Any CPU.Build.0 = Debug|Any CPU
		{E1D2CD1B-B874-42D1-B49B-FFB151243493}.Debug|iPhone.ActiveCfg = Debug|Any CPU
		{E1D2CD1B-B874-42D1-B49B-FFB151243493}.Debug|iPhone.Build.0 = Debug|Any CPU
		{E1D2CD1B-B874-42D1-B49B-FFB151243493}.Debug|iPhoneSimulator.ActiveCfg = Debug|Any CPU
		{E1D2CD1B-B874-42D1-B49B-FFB151243493}.Debug|iPhoneSimulator.Build.0 = Debug|Any CPU
		{E1D2CD1B-B874-42D1-B49B-FFB151243493}.Development|Any CPU.ActiveCfg = Debug|Any CPU
		{E1D2CD1B-B874-42D1-B49B-FFB151243493}.Development|Any CPU.Build.0 = Debug|Any CPU
		{E1D2CD1B-B874-42D1-B49B-FFB151243493}.Development|iPhone.ActiveCfg = Debug|Any CPU
		{E1D2CD1B-B874-42D1-B49B-FFB151243493}.Development|iPhone.Build.0 = Debug|Any CPU
		{E1D2CD1B-B874-42D1-B49B-FFB151243493}.Development|iPhoneSimulator.ActiveCfg = Debug|Any CPU
		{E1D2CD1B-B874-42D1-B49B-FFB151243493}.Development|iPhoneSimulator.Build.0 = Debug|Any CPU
		{E1D2CD1B-B874-42D1-B49B-FFB151243493}.Release|Any CPU.ActiveCfg = Release|Any CPU
		{E1D2CD1B-B874-42D1-B49B-FFB151243493}.Release|Any CPU.Build.0 = Release|Any CPU
		{E1D2CD1B-B874-42D1-B49B-FFB151243493}.Release|iPhone.ActiveCfg = Release|Any CPU
		{E1D2CD1B-B874-42D1-B49B-FFB151243493}.Release|iPhone.Build.0 = Release|Any CPU
		{E1D2CD1B-B874-42D1-B49B-FFB151243493}.Release|iPhoneSimulator.ActiveCfg = Release|Any CPU
		{E1D2CD1B-B874-42D1-B49B-FFB151243493}.Release|iPhoneSimulator.Build.0 = Release|Any CPU
		{04D647CB-2363-423C-939C-2727C5188DFA}.Debug|Any CPU.ActiveCfg = Debug|Any CPU
		{04D647CB-2363-423C-939C-2727C5188DFA}.Debug|Any CPU.Build.0 = Debug|Any CPU
		{04D647CB-2363-423C-939C-2727C5188DFA}.Debug|iPhone.ActiveCfg = Debug|Any CPU
		{04D647CB-2363-423C-939C-2727C5188DFA}.Debug|iPhone.Build.0 = Debug|Any CPU
		{04D647CB-2363-423C-939C-2727C5188DFA}.Debug|iPhoneSimulator.ActiveCfg = Debug|Any CPU
		{04D647CB-2363-423C-939C-2727C5188DFA}.Debug|iPhoneSimulator.Build.0 = Debug|Any CPU
		{04D647CB-2363-423C-939C-2727C5188DFA}.Development|Any CPU.ActiveCfg = Debug|Any CPU
		{04D647CB-2363-423C-939C-2727C5188DFA}.Development|Any CPU.Build.0 = Debug|Any CPU
		{04D647CB-2363-423C-939C-2727C5188DFA}.Development|iPhone.ActiveCfg = Debug|Any CPU
		{04D647CB-2363-423C-939C-2727C5188DFA}.Development|iPhone.Build.0 = Debug|Any CPU
		{04D647CB-2363-423C-939C-2727C5188DFA}.Development|iPhoneSimulator.ActiveCfg = Debug|Any CPU
		{04D647CB-2363-423C-939C-2727C5188DFA}.Development|iPhoneSimulator.Build.0 = Debug|Any CPU
		{04D647CB-2363-423C-939C-2727C5188DFA}.Release|Any CPU.ActiveCfg = Release|Any CPU
		{04D647CB-2363-423C-939C-2727C5188DFA}.Release|Any CPU.Build.0 = Release|Any CPU
		{04D647CB-2363-423C-939C-2727C5188DFA}.Release|iPhone.ActiveCfg = Release|Any CPU
		{04D647CB-2363-423C-939C-2727C5188DFA}.Release|iPhone.Build.0 = Release|Any CPU
		{04D647CB-2363-423C-939C-2727C5188DFA}.Release|iPhoneSimulator.ActiveCfg = Release|Any CPU
		{04D647CB-2363-423C-939C-2727C5188DFA}.Release|iPhoneSimulator.Build.0 = Release|Any CPU
		{2E7DB5FF-7DAE-4B79-BEAA-2338D7DADD60}.Debug|Any CPU.ActiveCfg = Debug|Any CPU
		{2E7DB5FF-7DAE-4B79-BEAA-2338D7DADD60}.Debug|Any CPU.Build.0 = Debug|Any CPU
		{2E7DB5FF-7DAE-4B79-BEAA-2338D7DADD60}.Debug|iPhone.ActiveCfg = Debug|Any CPU
		{2E7DB5FF-7DAE-4B79-BEAA-2338D7DADD60}.Debug|iPhone.Build.0 = Debug|Any CPU
		{2E7DB5FF-7DAE-4B79-BEAA-2338D7DADD60}.Debug|iPhoneSimulator.ActiveCfg = Debug|Any CPU
		{2E7DB5FF-7DAE-4B79-BEAA-2338D7DADD60}.Debug|iPhoneSimulator.Build.0 = Debug|Any CPU
		{2E7DB5FF-7DAE-4B79-BEAA-2338D7DADD60}.Development|Any CPU.ActiveCfg = Debug|Any CPU
		{2E7DB5FF-7DAE-4B79-BEAA-2338D7DADD60}.Development|Any CPU.Build.0 = Debug|Any CPU
		{2E7DB5FF-7DAE-4B79-BEAA-2338D7DADD60}.Development|iPhone.ActiveCfg = Debug|Any CPU
		{2E7DB5FF-7DAE-4B79-BEAA-2338D7DADD60}.Development|iPhone.Build.0 = Debug|Any CPU
		{2E7DB5FF-7DAE-4B79-BEAA-2338D7DADD60}.Development|iPhoneSimulator.ActiveCfg = Debug|Any CPU
		{2E7DB5FF-7DAE-4B79-BEAA-2338D7DADD60}.Development|iPhoneSimulator.Build.0 = Debug|Any CPU
		{2E7DB5FF-7DAE-4B79-BEAA-2338D7DADD60}.Release|Any CPU.ActiveCfg = Release|Any CPU
		{2E7DB5FF-7DAE-4B79-BEAA-2338D7DADD60}.Release|Any CPU.Build.0 = Release|Any CPU
		{2E7DB5FF-7DAE-4B79-BEAA-2338D7DADD60}.Release|iPhone.ActiveCfg = Release|Any CPU
		{2E7DB5FF-7DAE-4B79-BEAA-2338D7DADD60}.Release|iPhone.Build.0 = Release|Any CPU
		{2E7DB5FF-7DAE-4B79-BEAA-2338D7DADD60}.Release|iPhoneSimulator.ActiveCfg = Release|Any CPU
		{2E7DB5FF-7DAE-4B79-BEAA-2338D7DADD60}.Release|iPhoneSimulator.Build.0 = Release|Any CPU
		{730A50A1-2CE3-49D3-BBCA-7B63507BD26F}.Debug|Any CPU.ActiveCfg = Debug|Any CPU
		{730A50A1-2CE3-49D3-BBCA-7B63507BD26F}.Debug|Any CPU.Build.0 = Debug|Any CPU
		{730A50A1-2CE3-49D3-BBCA-7B63507BD26F}.Debug|iPhone.ActiveCfg = Debug|Any CPU
		{730A50A1-2CE3-49D3-BBCA-7B63507BD26F}.Debug|iPhone.Build.0 = Debug|Any CPU
		{730A50A1-2CE3-49D3-BBCA-7B63507BD26F}.Debug|iPhoneSimulator.ActiveCfg = Debug|Any CPU
		{730A50A1-2CE3-49D3-BBCA-7B63507BD26F}.Debug|iPhoneSimulator.Build.0 = Debug|Any CPU
		{730A50A1-2CE3-49D3-BBCA-7B63507BD26F}.Development|Any CPU.ActiveCfg = Debug|Any CPU
		{730A50A1-2CE3-49D3-BBCA-7B63507BD26F}.Development|Any CPU.Build.0 = Debug|Any CPU
		{730A50A1-2CE3-49D3-BBCA-7B63507BD26F}.Development|iPhone.ActiveCfg = Debug|Any CPU
		{730A50A1-2CE3-49D3-BBCA-7B63507BD26F}.Development|iPhone.Build.0 = Debug|Any CPU
		{730A50A1-2CE3-49D3-BBCA-7B63507BD26F}.Development|iPhoneSimulator.ActiveCfg = Debug|Any CPU
		{730A50A1-2CE3-49D3-BBCA-7B63507BD26F}.Development|iPhoneSimulator.Build.0 = Debug|Any CPU
		{730A50A1-2CE3-49D3-BBCA-7B63507BD26F}.Release|Any CPU.ActiveCfg = Release|Any CPU
		{730A50A1-2CE3-49D3-BBCA-7B63507BD26F}.Release|Any CPU.Build.0 = Release|Any CPU
		{730A50A1-2CE3-49D3-BBCA-7B63507BD26F}.Release|iPhone.ActiveCfg = Release|Any CPU
		{730A50A1-2CE3-49D3-BBCA-7B63507BD26F}.Release|iPhone.Build.0 = Release|Any CPU
		{730A50A1-2CE3-49D3-BBCA-7B63507BD26F}.Release|iPhoneSimulator.ActiveCfg = Release|Any CPU
		{730A50A1-2CE3-49D3-BBCA-7B63507BD26F}.Release|iPhoneSimulator.Build.0 = Release|Any CPU
		{F3CFA373-3ABE-4494-A1A5-F4BD58AFFC2B}.Debug|Any CPU.ActiveCfg = Debug|Any CPU
		{F3CFA373-3ABE-4494-A1A5-F4BD58AFFC2B}.Debug|Any CPU.Build.0 = Debug|Any CPU
		{F3CFA373-3ABE-4494-A1A5-F4BD58AFFC2B}.Debug|iPhone.ActiveCfg = Debug|Any CPU
		{F3CFA373-3ABE-4494-A1A5-F4BD58AFFC2B}.Debug|iPhone.Build.0 = Debug|Any CPU
		{F3CFA373-3ABE-4494-A1A5-F4BD58AFFC2B}.Debug|iPhoneSimulator.ActiveCfg = Debug|Any CPU
		{F3CFA373-3ABE-4494-A1A5-F4BD58AFFC2B}.Debug|iPhoneSimulator.Build.0 = Debug|Any CPU
		{F3CFA373-3ABE-4494-A1A5-F4BD58AFFC2B}.Development|Any CPU.ActiveCfg = Debug|Any CPU
		{F3CFA373-3ABE-4494-A1A5-F4BD58AFFC2B}.Development|Any CPU.Build.0 = Debug|Any CPU
		{F3CFA373-3ABE-4494-A1A5-F4BD58AFFC2B}.Development|iPhone.ActiveCfg = Debug|Any CPU
		{F3CFA373-3ABE-4494-A1A5-F4BD58AFFC2B}.Development|iPhone.Build.0 = Debug|Any CPU
		{F3CFA373-3ABE-4494-A1A5-F4BD58AFFC2B}.Development|iPhoneSimulator.ActiveCfg = Debug|Any CPU
		{F3CFA373-3ABE-4494-A1A5-F4BD58AFFC2B}.Development|iPhoneSimulator.Build.0 = Debug|Any CPU
		{F3CFA373-3ABE-4494-A1A5-F4BD58AFFC2B}.Release|Any CPU.ActiveCfg = Release|Any CPU
		{F3CFA373-3ABE-4494-A1A5-F4BD58AFFC2B}.Release|Any CPU.Build.0 = Release|Any CPU
		{F3CFA373-3ABE-4494-A1A5-F4BD58AFFC2B}.Release|iPhone.ActiveCfg = Release|Any CPU
		{F3CFA373-3ABE-4494-A1A5-F4BD58AFFC2B}.Release|iPhone.Build.0 = Release|Any CPU
		{F3CFA373-3ABE-4494-A1A5-F4BD58AFFC2B}.Release|iPhoneSimulator.ActiveCfg = Release|Any CPU
		{F3CFA373-3ABE-4494-A1A5-F4BD58AFFC2B}.Release|iPhoneSimulator.Build.0 = Release|Any CPU
		{D38ADE54-BEDC-42BC-88D0-8385F650ED89}.Debug|Any CPU.ActiveCfg = Debug|Any CPU
		{D38ADE54-BEDC-42BC-88D0-8385F650ED89}.Debug|Any CPU.Build.0 = Debug|Any CPU
		{D38ADE54-BEDC-42BC-88D0-8385F650ED89}.Debug|iPhone.ActiveCfg = Debug|Any CPU
		{D38ADE54-BEDC-42BC-88D0-8385F650ED89}.Debug|iPhone.Build.0 = Debug|Any CPU
		{D38ADE54-BEDC-42BC-88D0-8385F650ED89}.Debug|iPhoneSimulator.ActiveCfg = Debug|Any CPU
		{D38ADE54-BEDC-42BC-88D0-8385F650ED89}.Debug|iPhoneSimulator.Build.0 = Debug|Any CPU
		{D38ADE54-BEDC-42BC-88D0-8385F650ED89}.Development|Any CPU.ActiveCfg = Debug|Any CPU
		{D38ADE54-BEDC-42BC-88D0-8385F650ED89}.Development|Any CPU.Build.0 = Debug|Any CPU
		{D38ADE54-BEDC-42BC-88D0-8385F650ED89}.Development|iPhone.ActiveCfg = Debug|Any CPU
		{D38ADE54-BEDC-42BC-88D0-8385F650ED89}.Development|iPhone.Build.0 = Debug|Any CPU
		{D38ADE54-BEDC-42BC-88D0-8385F650ED89}.Development|iPhoneSimulator.ActiveCfg = Debug|Any CPU
		{D38ADE54-BEDC-42BC-88D0-8385F650ED89}.Development|iPhoneSimulator.Build.0 = Debug|Any CPU
		{D38ADE54-BEDC-42BC-88D0-8385F650ED89}.Release|Any CPU.ActiveCfg = Release|Any CPU
		{D38ADE54-BEDC-42BC-88D0-8385F650ED89}.Release|Any CPU.Build.0 = Release|Any CPU
		{D38ADE54-BEDC-42BC-88D0-8385F650ED89}.Release|iPhone.ActiveCfg = Release|Any CPU
		{D38ADE54-BEDC-42BC-88D0-8385F650ED89}.Release|iPhone.Build.0 = Release|Any CPU
		{D38ADE54-BEDC-42BC-88D0-8385F650ED89}.Release|iPhoneSimulator.ActiveCfg = Release|Any CPU
		{D38ADE54-BEDC-42BC-88D0-8385F650ED89}.Release|iPhoneSimulator.Build.0 = Release|Any CPU
		{CDAE4DA3-4D9D-426D-BEE5-E32EE965543B}.Debug|Any CPU.ActiveCfg = Debug|Any CPU
		{CDAE4DA3-4D9D-426D-BEE5-E32EE965543B}.Debug|Any CPU.Build.0 = Debug|Any CPU
		{CDAE4DA3-4D9D-426D-BEE5-E32EE965543B}.Debug|Any CPU.Deploy.0 = Debug|Any CPU
		{CDAE4DA3-4D9D-426D-BEE5-E32EE965543B}.Debug|iPhone.ActiveCfg = Debug|Any CPU
		{CDAE4DA3-4D9D-426D-BEE5-E32EE965543B}.Debug|iPhone.Build.0 = Debug|Any CPU
		{CDAE4DA3-4D9D-426D-BEE5-E32EE965543B}.Debug|iPhone.Deploy.0 = Debug|Any CPU
		{CDAE4DA3-4D9D-426D-BEE5-E32EE965543B}.Debug|iPhoneSimulator.ActiveCfg = Debug|Any CPU
		{CDAE4DA3-4D9D-426D-BEE5-E32EE965543B}.Debug|iPhoneSimulator.Build.0 = Debug|Any CPU
		{CDAE4DA3-4D9D-426D-BEE5-E32EE965543B}.Debug|iPhoneSimulator.Deploy.0 = Debug|Any CPU
		{CDAE4DA3-4D9D-426D-BEE5-E32EE965543B}.Development|Any CPU.ActiveCfg = Debug|Any CPU
		{CDAE4DA3-4D9D-426D-BEE5-E32EE965543B}.Development|Any CPU.Build.0 = Debug|Any CPU
		{CDAE4DA3-4D9D-426D-BEE5-E32EE965543B}.Development|Any CPU.Deploy.0 = Debug|Any CPU
		{CDAE4DA3-4D9D-426D-BEE5-E32EE965543B}.Development|iPhone.ActiveCfg = Debug|Any CPU
		{CDAE4DA3-4D9D-426D-BEE5-E32EE965543B}.Development|iPhone.Build.0 = Debug|Any CPU
		{CDAE4DA3-4D9D-426D-BEE5-E32EE965543B}.Development|iPhone.Deploy.0 = Debug|Any CPU
		{CDAE4DA3-4D9D-426D-BEE5-E32EE965543B}.Development|iPhoneSimulator.ActiveCfg = Debug|Any CPU
		{CDAE4DA3-4D9D-426D-BEE5-E32EE965543B}.Development|iPhoneSimulator.Build.0 = Debug|Any CPU
		{CDAE4DA3-4D9D-426D-BEE5-E32EE965543B}.Development|iPhoneSimulator.Deploy.0 = Debug|Any CPU
		{CDAE4DA3-4D9D-426D-BEE5-E32EE965543B}.Release|Any CPU.ActiveCfg = Release|Any CPU
		{CDAE4DA3-4D9D-426D-BEE5-E32EE965543B}.Release|Any CPU.Build.0 = Release|Any CPU
		{CDAE4DA3-4D9D-426D-BEE5-E32EE965543B}.Release|Any CPU.Deploy.0 = Release|Any CPU
		{CDAE4DA3-4D9D-426D-BEE5-E32EE965543B}.Release|iPhone.ActiveCfg = Release|Any CPU
		{CDAE4DA3-4D9D-426D-BEE5-E32EE965543B}.Release|iPhone.Build.0 = Release|Any CPU
		{CDAE4DA3-4D9D-426D-BEE5-E32EE965543B}.Release|iPhone.Deploy.0 = Release|Any CPU
		{CDAE4DA3-4D9D-426D-BEE5-E32EE965543B}.Release|iPhoneSimulator.ActiveCfg = Release|Any CPU
		{CDAE4DA3-4D9D-426D-BEE5-E32EE965543B}.Release|iPhoneSimulator.Build.0 = Release|Any CPU
		{CDAE4DA3-4D9D-426D-BEE5-E32EE965543B}.Release|iPhoneSimulator.Deploy.0 = Release|Any CPU
		{ACD94F00-7221-4E17-A2B5-6F884DA2F8C4}.Debug|Any CPU.ActiveCfg = Debug|Any CPU
		{ACD94F00-7221-4E17-A2B5-6F884DA2F8C4}.Debug|Any CPU.Build.0 = Debug|Any CPU
		{ACD94F00-7221-4E17-A2B5-6F884DA2F8C4}.Debug|iPhone.ActiveCfg = Debug|Any CPU
		{ACD94F00-7221-4E17-A2B5-6F884DA2F8C4}.Debug|iPhone.Build.0 = Debug|Any CPU
		{ACD94F00-7221-4E17-A2B5-6F884DA2F8C4}.Debug|iPhoneSimulator.ActiveCfg = Debug|Any CPU
		{ACD94F00-7221-4E17-A2B5-6F884DA2F8C4}.Debug|iPhoneSimulator.Build.0 = Debug|Any CPU
		{ACD94F00-7221-4E17-A2B5-6F884DA2F8C4}.Development|Any CPU.ActiveCfg = Debug|Any CPU
		{ACD94F00-7221-4E17-A2B5-6F884DA2F8C4}.Development|Any CPU.Build.0 = Debug|Any CPU
		{ACD94F00-7221-4E17-A2B5-6F884DA2F8C4}.Development|iPhone.ActiveCfg = Debug|Any CPU
		{ACD94F00-7221-4E17-A2B5-6F884DA2F8C4}.Development|iPhone.Build.0 = Debug|Any CPU
		{ACD94F00-7221-4E17-A2B5-6F884DA2F8C4}.Development|iPhoneSimulator.ActiveCfg = Debug|Any CPU
		{ACD94F00-7221-4E17-A2B5-6F884DA2F8C4}.Development|iPhoneSimulator.Build.0 = Debug|Any CPU
		{ACD94F00-7221-4E17-A2B5-6F884DA2F8C4}.Release|Any CPU.ActiveCfg = Release|Any CPU
		{ACD94F00-7221-4E17-A2B5-6F884DA2F8C4}.Release|Any CPU.Build.0 = Release|Any CPU
		{ACD94F00-7221-4E17-A2B5-6F884DA2F8C4}.Release|iPhone.ActiveCfg = Release|Any CPU
		{ACD94F00-7221-4E17-A2B5-6F884DA2F8C4}.Release|iPhone.Build.0 = Release|Any CPU
		{ACD94F00-7221-4E17-A2B5-6F884DA2F8C4}.Release|iPhoneSimulator.ActiveCfg = Release|Any CPU
		{ACD94F00-7221-4E17-A2B5-6F884DA2F8C4}.Release|iPhoneSimulator.Build.0 = Release|Any CPU
	EndGlobalSection
	GlobalSection(SolutionProperties) = preSolution
		HideSolutionNode = FALSE
	EndGlobalSection
	GlobalSection(NestedProjects) = preSolution
		{F3CFA373-3ABE-4494-A1A5-F4BD58AFFC2B} = {CBDE036B-2E6D-47C4-B9A6-ADC43591E6AD}
		{D38ADE54-BEDC-42BC-88D0-8385F650ED89} = {CBDE036B-2E6D-47C4-B9A6-ADC43591E6AD}
	EndGlobalSection
	GlobalSection(ExtensibilityGlobals) = postSolution
		SolutionGuid = {E8111B16-E5EC-4223-A727-E4C56024AF75}
	EndGlobalSection
EndGlobal
